{
  "version": 1,
  "dependencies": {
    "net10.0-windows10.0.20348": {
      "1llum1n4t1s.NAudio": {
        "type": "Direct",
        "requested": "[4.0.5, )",
        "resolved": "4.0.5",
        "contentHash": "672X/azQE8xHEpVsT8rWGkBf+c5CFTe6h1Znm5L0CFneUT4N+fdkyulpt6QNVCVQ+XWi83jw921FJNFqbMYbog==",
        "dependencies": {
          "1llum1n4t1s.NAudio.Asio": "4.0.5",
          "1llum1n4t1s.NAudio.Core": "4.0.5",
          "1llum1n4t1s.NAudio.Dmo": "4.0.5",
          "1llum1n4t1s.NAudio.Midi": "4.0.5",
          "1llum1n4t1s.NAudio.Wasapi": "4.0.5",
          "1llum1n4t1s.NAudio.WinForms": "4.0.5",
          "1llum1n4t1s.NAudio.WinMM": "4.0.5"
        }
      },
      "Microsoft.CognitiveServices.Speech": {
        "type": "Direct",
        "requested": "[1.51.2, )",
        "resolved": "1.51.2",
        "contentHash": "UMHlvd9X/sxoqihRP2tE4QsJWRvkREq7/K4hjcxrfP4RGkH4aKaLv48czmiypTHIPbPzSRifMdJW2d2Daupmng==",
        "dependencies": {
          "Azure.Core": "1.44.1"
        }
      },
      "Microsoft.ML.OnnxRuntime": {
        "type": "Direct",
        "requested": "[1.30.0, )",
        "resolved": "1.30.0",
        "contentHash": "RaF3KjPXB/IbNvvrcQtrxS/NZjB9dEHnZQTsdJCLP5Fnn1Jj3LomeqR1mMAoRFKinJ0pIe85PLhLlfGBYqzgWA==",
        "dependencies": {
          "Microsoft.ML.OnnxRuntime.Managed": "1.30.0"
        }
      },
      "SuperLightLogger": {
        "type": "Direct",
        "requested": "[1.0.17, )",
        "resolved": "1.0.17",
        "contentHash": "KVpUDC/r8UMV/ipdGAmXdK6AuU7uExMnVNl132IoX9BwQ/J5XK91tbI0Udaq/XJnkyO7rz8AitMFJhlehtL3jg==",
        "dependencies": {
          "Microsoft.Extensions.DependencyInjection.Abstractions": "10.0.12",
          "Microsoft.Extensions.Logging": "10.0.12",
          "Microsoft.Extensions.Logging.Abstractions": "10.0.12"
        }
      },
      "System.Security.Cryptography.ProtectedData": {
        "type": "Direct",
        "requested": "[10.0.12, )",
        "resolved": "10.0.12",
        "contentHash": "wO0W8VDMeRJZakRySOmemAnrBZMwEFRlbfBtATxUiLf2I3IhSRnCp1Vt157NWptdE4IJ7eftd5n8q9LtaKHFTQ=="
      },
      "1llum1n4t1s.NAudio.Asio": {
        "type": "Transitive",
        "resolved": "4.0.5",
        "contentHash": "baF3+BwfltRLFDuRXFJkwURAIodSzCuSbj8PkWjG1caXp4WWJPX4aRqFuMSE/iQzB0evj9k5IRtkx4X2y9EBag==",
        "dependencies": {
          "1llum1n4t1s.NAudio.Core": "4.0.5"
        }
      },
      "1llum1n4t1s.NAudio.Core": {
        "type": "Transitive",
        "resolved": "4.0.5",
        "contentHash": "cCOgz2RLrUUQGu1fGiND9vnb1j0B5v13OWBSjbS7jPtH1aKDGxORQipQ3O+uCHKktKXR5AH+ktRjX8ah/V9REQ==",
        "dependencies": {
          "System.Numerics.Tensors": "10.0.12"
        }
      },
      "1llum1n4t1s.NAudio.Dmo": {
        "type": "Transitive",
        "resolved": "4.0.5",
        "contentHash": "M+mdkOG+o8NnsbiGWp/RfSvRf3YIZsqpp7N1w9rkvkTixqV+gXbRrFPgbQk1GueLA9XekZ/zhkxwLR6c/nyzIA==",
        "dependencies": {
          "1llum1n4t1s.NAudio.Core": "4.0.5"
        }
      },
      "1llum1n4t1s.NAudio.Midi": {
        "type": "Transitive",
        "resolved": "4.0.5",
        "contentHash": "5N5lUQnjMQLieDvvT7n7cDRTJPJgYw27vrrOIV1qHtaGuuZoaXH8h6jaP9gm0ONmKSSdNB8osbvsCts6ZsOm3A==",
        "dependencies": {
          "1llum1n4t1s.NAudio.Core": "4.0.5"
        }
      },
      "1llum1n4t1s.NAudio.Wasapi": {
        "type": "Transitive",
        "resolved": "4.0.5",
        "contentHash": "R5QHokD7Sq1sC81Gu8yNEf7jDvRYadWVtkgOz6SXxGJbuU5n3EXdvjK0Ae9KuHriBZG+dm2yeKDhmwaPW+8cYA==",
        "dependencies": {
          "1llum1n4t1s.NAudio.Core": "4.0.5"
        }
      },
      "1llum1n4t1s.NAudio.WinForms": {
        "type": "Transitive",
        "resolved": "4.0.5",
        "contentHash": "3qtOvtdHiqFgueGfKozL2rVu7ZLhM3Z/9kBvpWmPQfTQnf15Po1v9rk1Eiwvy30YQaZenyEuWCGwCEI3WLNIkw==",
        "dependencies": {
          "1llum1n4t1s.NAudio.WinMM": "4.0.5"
        }
      },
      "1llum1n4t1s.NAudio.WinMM": {
        "type": "Transitive",
        "resolved": "4.0.5",
        "contentHash": "VmGfA4hDBMnmtLa/K+LiCajRO9JDx9TWG0/152hMHGnVkPfzQ3Cah1YWSm67DrQzRiKPmV4Mn9kFsyXK1/5u4w==",
        "dependencies": {
          "1llum1n4t1s.NAudio.Core": "4.0.5",
          "1llum1n4t1s.NAudio.Midi": "4.0.5"
        }
      },
      "Azure.Core": {
        "type": "Transitive",
        "resolved": "1.44.1",
        "contentHash": "YyznXLQZCregzHvioip07/BkzjuWNXogJEVz9T5W6TwjNr17ax41YGzYMptlo2G10oLCuVPoyva62y0SIRDixg==",
        "dependencies": {
          "Microsoft.Bcl.AsyncInterfaces": "6.0.0",
          "System.ClientModel": "1.1.0",
          "System.Memory.Data": "6.0.0"
        }
      },
      "Microsoft.Bcl.AsyncInterfaces": {
        "type": "Transitive",
        "resolved": "6.0.0",
        "contentHash": "UcSjPsst+DfAdJGVDsu346FX0ci0ah+lw3WRtn18NUwEqRt70HaOQ7lI72vy3+1LxtqI3T5GWwV39rQSrCzAeg=="
      },
      "Microsoft.Extensions.DependencyInjection": {
        "type": "Transitive",
        "resolved": "10.0.12",
        "contentHash": "lXyK2O5GoYvfxW8eCFcD16JFbcoSTM1sJkAM0UHS1jZyl9NYMW64Tqm6OQFT0IDBjZi+xHt95/Zg+nxZhGFhZg==",
        "dependencies": {
          "Microsoft.Extensions.DependencyInjection.Abstractions": "10.0.12"
        }
      },
      "Microsoft.Extensions.DependencyInjection.Abstractions": {
        "type": "Transitive",
        "resolved": "10.0.12",
        "contentHash": "9/qymSh7hVDMGTGwrLz8MRp5zRyXy9adGDOs4HwRdnLil3oZGYuWeZjbmHgCQ9BL1qBroVfgUK3U/nb61617Cw=="
      },
      "Microsoft.Extensions.Logging": {
        "type": "Transitive",
        "resolved": "10.0.12",
        "contentHash": "6I46fTPfgYkrjRYfRXbho9WOvOelTnNjWuZws/hzGHDASH1LEJeA4VKK9k3wJvido8o7jJSB5WkMTonX7HM1bA==",
        "dependencies": {
          "Microsoft.Extensions.DependencyInjection": "10.0.12",
          "Microsoft.Extensions.Logging.Abstractions": "10.0.12",
          "Microsoft.Extensions.Options": "10.0.12"
        }
      },
      "Microsoft.Extensions.Logging.Abstractions": {
        "type": "Transitive",
        "resolved": "10.0.12",
        "contentHash": "+24lC4plfbEDNfLAdTV/SWKS7dW+16X4HdydO3R++134kSNTzcbYA4KpR1Hdh6uWisB8Za3AzwyOn+K+NxWIug==",
        "dependencies": {
          "Microsoft.Extensions.DependencyInjection.Abstractions": "10.0.12"
        }
      },
      "Microsoft.Extensions.Options": {
        "type": "Transitive",
        "resolved": "10.0.12",
        "contentHash": "TDYD33TSRpXKZWlmTXNlj5kCihxatmv2Ec1u6C+bMYLphCS7PoSLE9Pjd/nunDoE7yETk+LLKjVJX78HYtWjpA==",
        "dependencies": {
          "Microsoft.Extensions.DependencyInjection.Abstractions": "10.0.12",
          "Microsoft.Extensions.Primitives": "10.0.12"
        }
      },
      "Microsoft.Extensions.Primitives": {
        "type": "Transitive",
        "resolved": "10.0.12",
        "contentHash": "dYfCLR52UA+3DL7C4I/pvSaRPkNqxrUAQmbFL2u0zvYKKzqgrFCJl08Df+F1aYc8leu9JvpC9bsURUdpExcBXQ=="
      },
      "Microsoft.ML.OnnxRuntime.Managed": {
        "type": "Transitive",
        "resolved": "1.30.0",
        "contentHash": "KHW+vp+i4Mdf6RhIsMvurTVepafXHjg8/VQ0o6sa2wEK0KzV/4iEoRTUvsymcRP+XPAM/r6kZCaTADdV6Xn4RA==",
        "dependencies": {
          "System.Numerics.Tensors": "9.0.0"
        }
      },
      "System.ClientModel": {
        "type": "Transitive",
        "resolved": "1.1.0",
        "contentHash": "UocOlCkxLZrG2CKMAAImPcldJTxeesHnHGHwhJ0pNlZEvEXcWKuQvVOER2/NiOkJGRJk978SNdw3j6/7O9H1lg==",
        "dependencies": {
          "System.Memory.Data": "1.0.2"
        }
      },
      "System.Memory.Data": {
        "type": "Transitive",
        "resolved": "6.0.0",
        "contentHash": "ntFHArH3I4Lpjf5m4DCXQHJuGwWPNVJPaAvM95Jy/u+2Yzt2ryiyIN04LAogkjP9DeRcEOiviAjQotfmPq/FrQ=="
      },
      "System.Numerics.Tensors": {
        "type": "Transitive",
        "resolved": "10.0.12",
        "contentHash": "17brFrnQHV/XMMazXNqFq4GkvzWy8yzDPo5Gb8TT8zJtMFbUqDycOCyPCp9F+eMc4L75kcCKRZqaeBHMwLCL9Q=="
      }
    },
    "net10.0-windows10.0.20348/win-x64": {
      "Microsoft.CognitiveServices.Speech": {
        "type": "Direct",
        "requested": "[1.51.2, )",
        "resolved": "1.51.2",
        "contentHash": "UMHlvd9X/sxoqihRP2tE4QsJWRvkREq7/K4hjcxrfP4RGkH4aKaLv48czmiypTHIPbPzSRifMdJW2d2Daupmng==",
        "dependencies": {
          "Azure.Core": "1.44.1"
        }
      },
      "Microsoft.ML.OnnxRuntime": {
        "type": "Direct",
        "requested": "[1.30.0, )",
        "resolved": "1.30.0",
        "contentHash": "RaF3KjPXB/IbNvvrcQtrxS/NZjB9dEHnZQTsdJCLP5Fnn1Jj3LomeqR1mMAoRFKinJ0pIe85PLhLlfGBYqzgWA==",
        "dependencies": {
          "Microsoft.ML.OnnxRuntime.Managed": "1.30.0"
        }
      }
    }
  }
}