{
  "version": 1,
  "dependencies": {
    "net10.0-windows10.0.20348": {
      "1llum1n4t1s.NAudio": {
        "type": "Direct",
        "requested": "[1.0.49, )",
        "resolved": "1.0.49",
        "contentHash": "okY27WnAtKmAcrlGPgafIgaplr20STsLBVFM78CvdE2NljaX9QR7TD7P8KFXcWFxCCPjSO0YzPz5vRguTKTTEQ=="
      },
      "Microsoft.CognitiveServices.Speech": {
        "type": "Direct",
        "requested": "[1.51.1, )",
        "resolved": "1.51.1",
        "contentHash": "DYUYtmRuy/3Vc3WeOtAPd+wIleB/Jna7cLpiftQqA4krPMLsACb6GSA1xCNMGyjypqtbawjzy2vqukUeq6ZC2Q==",
        "dependencies": {
          "Azure.Core": "1.44.1"
        }
      },
      "Microsoft.ML.OnnxRuntime": {
        "type": "Direct",
        "requested": "[1.28.0, )",
        "resolved": "1.28.0",
        "contentHash": "xpguSCrXBe5E1l1088S7UqnI36EHaTL6CJMHEhwfGBoSwyPH5Q/IkbkBBk/GwXWzsVyEXpQm42ZimSAQs0/zKA==",
        "dependencies": {
          "Microsoft.ML.OnnxRuntime.Managed": "1.28.0"
        }
      },
      "Microsoft.Windows.CsWin32": {
        "type": "Direct",
        "requested": "[0.3.298, )",
        "resolved": "0.3.298",
        "contentHash": "moz/CojV5HSeJYV9pNVE6mWMKnJGvPgdD31EhBLyUJ8Ui06PBrH9oPFK1ljXbJJMM4EzKnkE1a0AtBbH1BHDGA==",
        "dependencies": {
          "Microsoft.Windows.SDK.Win32Docs": "0.1.42-alpha",
          "Microsoft.Windows.SDK.Win32Metadata": "70.0.11-preview",
          "Microsoft.Windows.WDK.Win32Metadata": "0.13.25-experimental"
        }
      },
      "SuperLightLogger": {
        "type": "Direct",
        "requested": "[1.0.10, )",
        "resolved": "1.0.10",
        "contentHash": "wyB/XFO6+WpEc98mgYRdEg8N3grZLj47xaag5LYIWgtMjVwytRxilmzpJGIFBzEQcI/k3fRepdlJN9akZQZegQ==",
        "dependencies": {
          "Microsoft.Extensions.DependencyInjection.Abstractions": "10.0.10",
          "Microsoft.Extensions.Logging": "10.0.10",
          "Microsoft.Extensions.Logging.Abstractions": "10.0.10"
        }
      },
      "System.Security.Cryptography.ProtectedData": {
        "type": "Direct",
        "requested": "[10.0.10, )",
        "resolved": "10.0.10",
        "contentHash": "BKt0SQgq2lq3ESE68jkeLwv95ypANrPDtkTOIFGcnhg2aRUeUUBDrQlkVDZctrg1WenVcvn5P5XZnuYI7q6rFQ=="
      },
      "Azure.Core": {
        "type": "Transitive",
        "resolved": "1.44.1",
        "contentHash": "YyznXLQZCregzHvioip07/BkzjuWNXogJEVz9T5W6TwjNr17ax41YGzYMptlo2G10oLCuVPoyva62y0SIRDixg==",
        "dependencies": {
          "Microsoft.Bcl.AsyncInterfaces": "6.0.0",
          "System.ClientModel": "1.1.0",
          "System.Memory.Data": "6.0.0"
        }
      },
      "Microsoft.Bcl.AsyncInterfaces": {
        "type": "Transitive",
        "resolved": "6.0.0",
        "contentHash": "UcSjPsst+DfAdJGVDsu346FX0ci0ah+lw3WRtn18NUwEqRt70HaOQ7lI72vy3+1LxtqI3T5GWwV39rQSrCzAeg=="
      },
      "Microsoft.Extensions.DependencyInjection": {
        "type": "Transitive",
        "resolved": "10.0.10",
        "contentHash": "ANyvsgkNBRvcJh2XLgn8veGmajf+8m0AbKK+HPWdRL1yraSNVVSmQhFntLtdz/C795jxqqup+k05cs/3jZQPOA==",
        "dependencies": {
          "Microsoft.Extensions.DependencyInjection.Abstractions": "10.0.10"
        }
      },
      "Microsoft.Extensions.DependencyInjection.Abstractions": {
        "type": "Transitive",
        "resolved": "10.0.10",
        "contentHash": "z/2xXlFw2aLGjHyEm6E0tQ+In6VfzQzTrtArbQ2c0TQE16ZbyDCMGPvaUT9I0s8rgy9sRWlU2P9waW37qV04qA=="
      },
      "Microsoft.Extensions.Logging": {
        "type": "Transitive",
        "resolved": "10.0.10",
        "contentHash": "Tf6z5HsL0VDYRTfvsoNrTGHGheCwkTsZBA2FFh5ATJUbkAwug+FFNISJK2gjpUNemlAOoWllAK52HOWCjto3EQ==",
        "dependencies": {
          "Microsoft.Extensions.DependencyInjection": "10.0.10",
          "Microsoft.Extensions.Logging.Abstractions": "10.0.10",
          "Microsoft.Extensions.Options": "10.0.10"
        }
      },
      "Microsoft.Extensions.Logging.Abstractions": {
        "type": "Transitive",
        "resolved": "10.0.10",
        "contentHash": "zkFxGYUvdxAvIKTyXHrmW+Sux53D4SezD9dMyZ6hrwwzPQJNuwCRy1f5W7AvYTqacEGhWF2XderRQG1OvbV8og==",
        "dependencies": {
          "Microsoft.Extensions.DependencyInjection.Abstractions": "10.0.10"
        }
      },
      "Microsoft.Extensions.Options": {
        "type": "Transitive",
        "resolved": "10.0.10",
        "contentHash": "srnhnk7nE8krBiIXp71LvBmKBtraBONWSRzdjJgRv1Ko9Mp8IVNqv4vIS9hGeVteBig8aQkva9ZG+sC+o5sVcA==",
        "dependencies": {
          "Microsoft.Extensions.DependencyInjection.Abstractions": "10.0.10",
          "Microsoft.Extensions.Primitives": "10.0.10"
        }
      },
      "Microsoft.Extensions.Primitives": {
        "type": "Transitive",
        "resolved": "10.0.10",
        "contentHash": "5wu/GrYVd8mG2DVUw3vFJzF+O336TyTGg/Kmcgw9bfwYhCoFiV5lR5QeEmKecJyrW4W54nMfD3p3589E8a7czQ=="
      },
      "Microsoft.ML.OnnxRuntime.Managed": {
        "type": "Transitive",
        "resolved": "1.28.0",
        "contentHash": "4ecKjwASHhAZXczK/xm5KU6MdvoIGfMd23UAwDbM9vfcfgqZgNqvFWPZPT0Elc1wu5vXWs2Kij1ZBmHCcv1UlA==",
        "dependencies": {
          "System.Numerics.Tensors": "9.0.0"
        }
      },
      "Microsoft.Windows.SDK.Win32Docs": {
        "type": "Transitive",
        "resolved": "0.1.42-alpha",
        "contentHash": "Z/9po23gUA9aoukirh2ItMU2ZS9++Js9Gdds9fu5yuMojDrmArvY2y+tq9985tR3cxFxpZO1O35Wjfo0khj5HA=="
      },
      "Microsoft.Windows.SDK.Win32Metadata": {
        "type": "Transitive",
        "resolved": "70.0.11-preview",
        "contentHash": "i8Dv2KCKzH8MQAsgLeUa5zFGyQOoz+TlvnbkFUkjsUtqhj4oguVj9rDpVACs5fLayZbwItOSllf+bhwr+z2yeg=="
      },
      "Microsoft.Windows.WDK.Win32Metadata": {
        "type": "Transitive",
        "resolved": "0.13.25-experimental",
        "contentHash": "IM50tb/+UIwBr9FMr6ZKcZjCMW+Axo6NjGqKxgjUfyCY8dRnYUfrJEXxAaXoWtYP4X8EmASmC1Jtwh4XucseZg==",
        "dependencies": {
          "Microsoft.Windows.SDK.Win32Metadata": "63.0.31-preview"
        }
      },
      "System.ClientModel": {
        "type": "Transitive",
        "resolved": "1.1.0",
        "contentHash": "UocOlCkxLZrG2CKMAAImPcldJTxeesHnHGHwhJ0pNlZEvEXcWKuQvVOER2/NiOkJGRJk978SNdw3j6/7O9H1lg==",
        "dependencies": {
          "System.Memory.Data": "1.0.2"
        }
      },
      "System.Memory.Data": {
        "type": "Transitive",
        "resolved": "6.0.0",
        "contentHash": "ntFHArH3I4Lpjf5m4DCXQHJuGwWPNVJPaAvM95Jy/u+2Yzt2ryiyIN04LAogkjP9DeRcEOiviAjQotfmPq/FrQ=="
      },
      "System.Numerics.Tensors": {
        "type": "Transitive",
        "resolved": "9.0.0",
        "contentHash": "hyJB4UlpAi19Xr9AXzu2NuagKC4lPfHObNMEAA0HmqFz2rX7wKgzeYzO/jM/eBHDhnUGFFEjk5cOoJaxqg5J4A=="
      }
    },
    "net10.0-windows10.0.20348/win-x64": {
      "Microsoft.CognitiveServices.Speech": {
        "type": "Direct",
        "requested": "[1.51.1, )",
        "resolved": "1.51.1",
        "contentHash": "DYUYtmRuy/3Vc3WeOtAPd+wIleB/Jna7cLpiftQqA4krPMLsACb6GSA1xCNMGyjypqtbawjzy2vqukUeq6ZC2Q==",
        "dependencies": {
          "Azure.Core": "1.44.1"
        }
      },
      "Microsoft.ML.OnnxRuntime": {
        "type": "Direct",
        "requested": "[1.28.0, )",
        "resolved": "1.28.0",
        "contentHash": "xpguSCrXBe5E1l1088S7UqnI36EHaTL6CJMHEhwfGBoSwyPH5Q/IkbkBBk/GwXWzsVyEXpQm42ZimSAQs0/zKA==",
        "dependencies": {
          "Microsoft.ML.OnnxRuntime.Managed": "1.28.0"
        }
      }
    }
  }
}